
Microsoft Visual Studio Solution File, Format Version 12.00
# Visual Studio 2013
VisualStudioVersion = 12.0.21005.1
MinimumVisualStudioVersion = 10.0.40219.1
Project("{2150E333-8FDC-42A3-9474-1A3956D46DE8}") = "基础层", "基础层", "{4D9D3E32-771C-4B94-90C2-01D204565D02}"
EndProject
Project("{FAE04EC0-301F-11D3-BF4B-00C04F79EFBC}") = "sl.common", "sl.common\sl.common.csproj", "{896227F9-3624-4B87-9B2D-90389F8990F2}"
EndProject
Project("{FAE04EC0-301F-11D3-BF4B-00C04F79EFBC}") = "sl.extension", "sl.extension\sl.extension.csproj", "{7507BF3F-9EAC-45CD-994A-0478BE737F74}"
EndProject
Project("{2150E333-8FDC-42A3-9474-1A3956D46DE8}") = "展现层", "展现层", "{BA00AEE3-4BE4-406F-B020-7DBD4A41ADD6}"
EndProject
Project("{FAE04EC0-301F-11D3-BF4B-00C04F79EFBC}") = "sl.web.ui", "sl.web.ui\sl.web.ui.csproj", "{2A3D88F7-6508-4BE6-8B15-7F6C1838003B}"
EndProject
Project("{2150E333-8FDC-42A3-9474-1A3956D46DE8}") = "业务层", "业务层", "{83DF9652-F923-48D4-87AA-28E574FB9BA4}"
EndProject
Project("{2150E333-8FDC-42A3-9474-1A3956D46DE8}") = "测试工程", "测试工程", "{B7E15ED0-C431-40C8-84B1-9858CD5EAD3E}"
EndProject
Project("{FAE04EC0-301F-11D3-BF4B-00C04F79EFBC}") = "T4Demo", "T4Demo\T4Demo.csproj", "{B13B29B8-E1E0-44ED-B433-1D16793A6D95}"
EndProject
Project("{FAE04EC0-301F-11D3-BF4B-00C04F79EFBC}") = "sl.model", "sl.model\sl.model.csproj", "{3D33E14B-D2E1-458C-BDEB-5BC241CAF0CC}"
EndProject
Project("{FAE04EC0-301F-11D3-BF4B-00C04F79EFBC}") = "sl.web", "sl.web\sl.web.csproj", "{D333F039-5734-4572-881E-C6A1A91B0660}"
EndProject
Project("{FAE04EC0-301F-11D3-BF4B-00C04F79EFBC}") = "sl.service", "sl.service\sl.service.csproj", "{0B50AF9E-D504-44D3-B3E0-66374CA9A9B4}"
EndProject
Project("{FAE04EC0-301F-11D3-BF4B-00C04F79EFBC}") = "sl.IService", "sl.IService\sl.IService.csproj", "{6B9F68BF-573A-4D2C-99C9-0CC552D35AE5}"
EndProject
Global
	GlobalSection(SolutionConfigurationPlatforms) = preSolution
		Debug|Any CPU = Debug|Any CPU
		Release|Any CPU = Release|Any CPU
	EndGlobalSection
	GlobalSection(ProjectConfigurationPlatforms) = postSolution
		{896227F9-3624-4B87-9B2D-90389F8990F2}.Debug|Any CPU.ActiveCfg = Debug|Any CPU
		{896227F9-3624-4B87-9B2D-90389F8990F2}.Debug|Any CPU.Build.0 = Debug|Any CPU
		{896227F9-3624-4B87-9B2D-90389F8990F2}.Release|Any CPU.ActiveCfg = Release|Any CPU
		{896227F9-3624-4B87-9B2D-90389F8990F2}.Release|Any CPU.Build.0 = Release|Any CPU
		{7507BF3F-9EAC-45CD-994A-0478BE737F74}.Debug|Any CPU.ActiveCfg = Debug|Any CPU
		{7507BF3F-9EAC-45CD-994A-0478BE737F74}.Debug|Any CPU.Build.0 = Debug|Any CPU
		{7507BF3F-9EAC-45CD-994A-0478BE737F74}.Release|Any CPU.ActiveCfg = Release|Any CPU
		{7507BF3F-9EAC-45CD-994A-0478BE737F74}.Release|Any CPU.Build.0 = Release|Any CPU
		{2A3D88F7-6508-4BE6-8B15-7F6C1838003B}.Debug|Any CPU.ActiveCfg = Debug|Any CPU
		{2A3D88F7-6508-4BE6-8B15-7F6C1838003B}.Debug|Any CPU.Build.0 = Debug|Any CPU
		{2A3D88F7-6508-4BE6-8B15-7F6C1838003B}.Release|Any CPU.ActiveCfg = Release|Any CPU
		{2A3D88F7-6508-4BE6-8B15-7F6C1838003B}.Release|Any CPU.Build.0 = Release|Any CPU
		{B13B29B8-E1E0-44ED-B433-1D16793A6D95}.Debug|Any CPU.ActiveCfg = Debug|Any CPU
		{B13B29B8-E1E0-44ED-B433-1D16793A6D95}.Debug|Any CPU.Build.0 = Debug|Any CPU
		{B13B29B8-E1E0-44ED-B433-1D16793A6D95}.Release|Any CPU.ActiveCfg = Release|Any CPU
		{B13B29B8-E1E0-44ED-B433-1D16793A6D95}.Release|Any CPU.Build.0 = Release|Any CPU
		{3D33E14B-D2E1-458C-BDEB-5BC241CAF0CC}.Debug|Any CPU.ActiveCfg = Debug|Any CPU
		{3D33E14B-D2E1-458C-BDEB-5BC241CAF0CC}.Debug|Any CPU.Build.0 = Debug|Any CPU
		{3D33E14B-D2E1-458C-BDEB-5BC241CAF0CC}.Release|Any CPU.ActiveCfg = Release|Any CPU
		{3D33E14B-D2E1-458C-BDEB-5BC241CAF0CC}.Release|Any CPU.Build.0 = Release|Any CPU
		{D333F039-5734-4572-881E-C6A1A91B0660}.Debug|Any CPU.ActiveCfg = Debug|Any CPU
		{D333F039-5734-4572-881E-C6A1A91B0660}.Debug|Any CPU.Build.0 = Debug|Any CPU
		{D333F039-5734-4572-881E-C6A1A91B0660}.Release|Any CPU.ActiveCfg = Release|Any CPU
		{D333F039-5734-4572-881E-C6A1A91B0660}.Release|Any CPU.Build.0 = Release|Any CPU
		{0B50AF9E-D504-44D3-B3E0-66374CA9A9B4}.Debug|Any CPU.ActiveCfg = Debug|Any CPU
		{0B50AF9E-D504-44D3-B3E0-66374CA9A9B4}.Debug|Any CPU.Build.0 = Debug|Any CPU
		{0B50AF9E-D504-44D3-B3E0-66374CA9A9B4}.Release|Any CPU.ActiveCfg = Release|Any CPU
		{0B50AF9E-D504-44D3-B3E0-66374CA9A9B4}.Release|Any CPU.Build.0 = Release|Any CPU
		{6B9F68BF-573A-4D2C-99C9-0CC552D35AE5}.Debug|Any CPU.ActiveCfg = Debug|Any CPU
		{6B9F68BF-573A-4D2C-99C9-0CC552D35AE5}.Debug|Any CPU.Build.0 = Debug|Any CPU
		{6B9F68BF-573A-4D2C-99C9-0CC552D35AE5}.Release|Any CPU.ActiveCfg = Release|Any CPU
		{6B9F68BF-573A-4D2C-99C9-0CC552D35AE5}.Release|Any CPU.Build.0 = Release|Any CPU
	EndGlobalSection
	GlobalSection(SolutionProperties) = preSolution
		HideSolutionNode = FALSE
	EndGlobalSection
	GlobalSection(NestedProjects) = preSolution
		{896227F9-3624-4B87-9B2D-90389F8990F2} = {4D9D3E32-771C-4B94-90C2-01D204565D02}
		{7507BF3F-9EAC-45CD-994A-0478BE737F74} = {4D9D3E32-771C-4B94-90C2-01D204565D02}
		{2A3D88F7-6508-4BE6-8B15-7F6C1838003B} = {BA00AEE3-4BE4-406F-B020-7DBD4A41ADD6}
		{D333F039-5734-4572-881E-C6A1A91B0660} = {BA00AEE3-4BE4-406F-B020-7DBD4A41ADD6}
		{3D33E14B-D2E1-458C-BDEB-5BC241CAF0CC} = {83DF9652-F923-48D4-87AA-28E574FB9BA4}
		{0B50AF9E-D504-44D3-B3E0-66374CA9A9B4} = {83DF9652-F923-48D4-87AA-28E574FB9BA4}
		{6B9F68BF-573A-4D2C-99C9-0CC552D35AE5} = {83DF9652-F923-48D4-87AA-28E574FB9BA4}
		{B13B29B8-E1E0-44ED-B433-1D16793A6D95} = {B7E15ED0-C431-40C8-84B1-9858CD5EAD3E}
	EndGlobalSection
EndGlobal
